// !$*UTF8*$!
{
	archiveVersion = 1;
	classes = {
	};
	objectVersion = 51;
	objects = {

/* Begin PBXBuildFile section */
		5BDD0A26AE9C02F07ED1B6EE /* Pods_QuitItTests.framework in Frameworks */ = {isa = PBXBuildFile; fileRef = 3D058AE68B635D4CCC13CC48 /* Pods_QuitItTests.framework */; };
		86A7D7F04C09E119593315E3 /* Pods_QuitIt.framework in Frameworks */ = {isa = PBXBuildFile; fileRef = 762823BC93031B0B2612B1BC /* Pods_QuitIt.framework */; };
		B38A839727AF6D1C90E14FEA /* Pods_QuitItUITests.framework in Frameworks */ = {isa = PBXBuildFile; fileRef = 3A0BAF9BD48F720420B84108 /* Pods_QuitItUITests.framework */; };
		C7BB6D0B232D608F00C6328F /* AppDelegate.swift in Sources */ = {isa = PBXBuildFile; fileRef = C7BB6D0A232D608F00C6328F /* AppDelegate.swift */; };
		C7BB6D0D232D608F00C6328F /* ViewController.swift in Sources */ = {isa = PBXBuildFile; fileRef = C7BB6D0C232D608F00C6328F /* ViewController.swift */; };
		C7BB6D10232D608F00C6328F /* Main.storyboard in Resources */ = {isa = PBXBuildFile; fileRef = C7BB6D0E232D608F00C6328F /* Main.storyboard */; };
		C7BB6D12232D609300C6328F /* Assets.xcassets in Resources */ = {isa = PBXBuildFile; fileRef = C7BB6D11232D609300C6328F /* Assets.xcassets */; };
		C7BB6D15232D609300C6328F /* LaunchScreen.storyboard in Resources */ = {isa = PBXBuildFile; fileRef = C7BB6D13232D609300C6328F /* LaunchScreen.storyboard */; };
		C7BB6D20232D609300C6328F /* QuitItTests.swift in Sources */ = {isa = PBXBuildFile; fileRef = C7BB6D1F232D609300C6328F /* QuitItTests.swift */; };
		C7BB6D2B232D609300C6328F /* QuitItUITests.swift in Sources */ = {isa = PBXBuildFile; fileRef = C7BB6D2A232D609300C6328F /* QuitItUITests.swift */; };
		C7BB6D39232D630500C6328F /* MapViewController.swift in Sources */ = {isa = PBXBuildFile; fileRef = C7BB6D38232D630500C6328F /* MapViewController.swift */; };
		C7FC22B3232DB976003B4D0B /* GoogleService-Info.plist in Resources */ = {isa = PBXBuildFile; fileRef = C7FC22B0232DB976003B4D0B /* GoogleService-Info.plist */; };
/* End PBXBuildFile section */

/* Begin PBXContainerItemProxy section */
		C7BB6D1C232D609300C6328F /* PBXContainerItemProxy */ = {
			isa = PBXContainerItemProxy;
			containerPortal = C7BB6CFF232D608F00C6328F /* Project object */;
			proxyType = 1;
			remoteGlobalIDString = C7BB6D06232D608F00C6328F;
			remoteInfo = QuitIt;
		};
		C7BB6D27232D609300C6328F /* PBXContainerItemProxy */ = {
			isa = PBXContainerItemProxy;
			containerPortal = C7BB6CFF232D608F00C6328F /* Project object */;
			proxyType = 1;
			remoteGlobalIDString = C7BB6D06232D608F00C6328F;
			remoteInfo = QuitIt;
		};
/* End PBXContainerItemProxy section */

/* Begin PBXFileReference section */
		3A0BAF9BD48F720420B84108 /* Pods_QuitItUITests.framework */ = {isa = PBXFileReference; explicitFileType = wrapper.framework; includeInIndex = 0; path = Pods_QuitItUITests.framework; sourceTree = BUILT_PRODUCTS_DIR; };
		3D058AE68B635D4CCC13CC48 /* Pods_QuitItTests.framework */ = {isa = PBXFileReference; explicitFileType = wrapper.framework; includeInIndex = 0; path = Pods_QuitItTests.framework; sourceTree = BUILT_PRODUCTS_DIR; };
		52958147A2999F4E26AAD88F /* Pods-QuitIt.debug.xcconfig */ = {isa = PBXFileReference; includeInIndex = 1; lastKnownFileType = text.xcconfig; name = "Pods-QuitIt.debug.xcconfig"; path = "Target Support Files/Pods-QuitIt/Pods-QuitIt.debug.xcconfig"; sourceTree = "<group>"; };
		762823BC93031B0B2612B1BC /* Pods_QuitIt.framework */ = {isa = PBXFileReference; explicitFileType = wrapper.framework; includeInIndex = 0; path = Pods_QuitIt.framework; sourceTree = BUILT_PRODUCTS_DIR; };
		9D04CC29041D0043B57A07AA /* Pods-QuitItUITests.release.xcconfig */ = {isa = PBXFileReference; includeInIndex = 1; lastKnownFileType = text.xcconfig; name = "Pods-QuitItUITests.release.xcconfig"; path = "Target Support Files/Pods-QuitItUITests/Pods-QuitItUITests.release.xcconfig"; sourceTree = "<group>"; };
		AF83D793A79EBD02AFA017AA /* Pods-QuitIt.release.xcconfig */ = {isa = PBXFileReference; includeInIndex = 1; lastKnownFileType = text.xcconfig; name = "Pods-QuitIt.release.xcconfig"; path = "Target Support Files/Pods-QuitIt/Pods-QuitIt.release.xcconfig"; sourceTree = "<group>"; };
		C7BB6D07232D608F00C6328F /* QuitIt.app */ = {isa = PBXFileReference; explicitFileType = wrapper.application; includeInIndex = 0; path = QuitIt.app; sourceTree = BUILT_PRODUCTS_DIR; };
		C7BB6D0A232D608F00C6328F /* AppDelegate.swift */ = {isa = PBXFileReference; lastKnownFileType = sourcecode.swift; path = AppDelegate.swift; sourceTree = "<group>"; };
		C7BB6D0C232D608F00C6328F /* ViewController.swift */ = {isa = PBXFileReference; lastKnownFileType = sourcecode.swift; path = ViewController.swift; sourceTree = "<group>"; };
		C7BB6D0F232D608F00C6328F /* Base */ = {isa = PBXFileReference; lastKnownFileType = file.storyboard; name = Base; path = Base.lproj/Main.storyboard; sourceTree = "<group>"; };
		C7BB6D11232D609300C6328F /* Assets.xcassets */ = {isa = PBXFileReference; lastKnownFileType = folder.assetcatalog; path = Assets.xcassets; sourceTree = "<group>"; };
		C7BB6D14232D609300C6328F /* Base */ = {isa = PBXFileReference; lastKnownFileType = file.storyboard; name = Base; path = Base.lproj/LaunchScreen.storyboard; sourceTree = "<group>"; };
		C7BB6D16232D609300C6328F /* Info.plist */ = {isa = PBXFileReference; lastKnownFileType = text.plist.xml; path = Info.plist; sourceTree = "<group>"; };
		C7BB6D1B232D609300C6328F /* QuitItTests.xctest */ = {isa = PBXFileReference; explicitFileType = wrapper.cfbundle; includeInIndex = 0; path = QuitItTests.xctest; sourceTree = BUILT_PRODUCTS_DIR; };
		C7BB6D1F232D609300C6328F /* QuitItTests.swift */ = {isa = PBXFileReference; lastKnownFileType = sourcecode.swift; path = QuitItTests.swift; sourceTree = "<group>"; };
		C7BB6D21232D609300C6328F /* Info.plist */ = {isa = PBXFileReference; lastKnownFileType = text.plist.xml; path = Info.plist; sourceTree = "<group>"; };
		C7BB6D26232D609300C6328F /* QuitItUITests.xctest */ = {isa = PBXFileReference; explicitFileType = wrapper.cfbundle; includeInIndex = 0; path = QuitItUITests.xctest; sourceTree = BUILT_PRODUCTS_DIR; };
		C7BB6D2A232D609300C6328F /* QuitItUITests.swift */ = {isa = PBXFileReference; lastKnownFileType = sourcecode.swift; path = QuitItUITests.swift; sourceTree = "<group>"; };
		C7BB6D2C232D609300C6328F /* Info.plist */ = {isa = PBXFileReference; lastKnownFileType = text.plist.xml; path = Info.plist; sourceTree = "<group>"; };
		C7BB6D38232D630500C6328F /* MapViewController.swift */ = {isa = PBXFileReference; lastKnownFileType = sourcecode.swift; path = MapViewController.swift; sourceTree = "<group>"; };
		C7FC22B0232DB976003B4D0B /* GoogleService-Info.plist */ = {isa = PBXFileReference; fileEncoding = 4; lastKnownFileType = text.plist.xml; path = "GoogleService-Info.plist"; sourceTree = "<group>"; };
		E4F11CBA2AE872D627C9F941 /* Pods-QuitItTests.debug.xcconfig */ = {isa = PBXFileReference; includeInIndex = 1; lastKnownFileType = text.xcconfig; name = "Pods-QuitItTests.debug.xcconfig"; path = "Target Support Files/Pods-QuitItTests/Pods-QuitItTests.debug.xcconfig"; sourceTree = "<group>"; };
		E7D5FC3D09CEFEDD1353F5D3 /* Pods-QuitItTests.release.xcconfig */ = {isa = PBXFileReference; includeInIndex = 1; lastKnownFileType = text.xcconfig; name = "Pods-QuitItTests.release.xcconfig"; path = "Target Support Files/Pods-QuitItTests/Pods-QuitItTests.release.xcconfig"; sourceTree = "<group>"; };
		EFE8F44593AC6F7A7945C2FE /* Pods-QuitItUITests.debug.xcconfig */ = {isa = PBXFileReference; includeInIndex = 1; lastKnownFileType = text.xcconfig; name = "Pods-QuitItUITests.debug.xcconfig"; path = "Target Support Files/Pods-QuitItUITests/Pods-QuitItUITests.debug.xcconfig"; sourceTree = "<group>"; };
/* End PBXFileReference section */

/* Begin PBXFrameworksBuildPhase section */
		C7BB6D04232D608F00C6328F /* Frameworks */ = {
			isa = PBXFrameworksBuildPhase;
			buildActionMask = 2147483647;
			files = (
				86A7D7F04C09E119593315E3 /* Pods_QuitIt.framework in Frameworks */,
			);
			runOnlyForDeploymentPostprocessing = 0;
		};
		C7BB6D18232D609300C6328F /* Frameworks */ = {
			isa = PBXFrameworksBuildPhase;
			buildActionMask = 2147483647;
			files = (
				5BDD0A26AE9C02F07ED1B6EE /* Pods_QuitItTests.framework in Frameworks */,
			);
			runOnlyForDeploymentPostprocessing = 0;
		};
		C7BB6D23232D609300C6328F /* Frameworks */ = {
			isa = PBXFrameworksBuildPhase;
			buildActionMask = 2147483647;
			files = (
				B38A839727AF6D1C90E14FEA /* Pods_QuitItUITests.framework in Frameworks */,
			);
			runOnlyForDeploymentPostprocessing = 0;
		};
/* End PBXFrameworksBuildPhase section */

/* Begin PBXGroup section */
		36A0F7E5D913D42D35367BD3 /* Pods */ = {
			isa = PBXGroup;
			children = (
				52958147A2999F4E26AAD88F /* Pods-QuitIt.debug.xcconfig */,
				AF83D793A79EBD02AFA017AA /* Pods-QuitIt.release.xcconfig */,
				E4F11CBA2AE872D627C9F941 /* Pods-QuitItTests.debug.xcconfig */,
				E7D5FC3D09CEFEDD1353F5D3 /* Pods-QuitItTests.release.xcconfig */,
				EFE8F44593AC6F7A7945C2FE /* Pods-QuitItUITests.debug.xcconfig */,
				9D04CC29041D0043B57A07AA /* Pods-QuitItUITests.release.xcconfig */,
			);
			path = Pods;
			sourceTree = "<group>";
		};
		C7BB6CFE232D608F00C6328F = {
			isa = PBXGroup;
			children = (
				C7BB6D09232D608F00C6328F /* QuitIt */,
				C7BB6D1E232D609300C6328F /* QuitItTests */,
				C7BB6D29232D609300C6328F /* QuitItUITests */,
				C7BB6D08232D608F00C6328F /* Products */,
				C7FC2223232DB524003B4D0B /* Frameworks */,
				36A0F7E5D913D42D35367BD3 /* Pods */,
			);
			sourceTree = "<group>";
		};
		C7BB6D08232D608F00C6328F /* Products */ = {
			isa = PBXGroup;
			children = (
				C7BB6D07232D608F00C6328F /* QuitIt.app */,
				C7BB6D1B232D609300C6328F /* QuitItTests.xctest */,
				C7BB6D26232D609300C6328F /* QuitItUITests.xctest */,
			);
			name = Products;
			sourceTree = "<group>";
		};
		C7BB6D09232D608F00C6328F /* QuitIt */ = {
			isa = PBXGroup;
			children = (
				C7BB6D0A232D608F00C6328F /* AppDelegate.swift */,
				C7BB6D0C232D608F00C6328F /* ViewController.swift */,
				C7BB6D0E232D608F00C6328F /* Main.storyboard */,
				C7BB6D38232D630500C6328F /* MapViewController.swift */,
				C7BB6D11232D609300C6328F /* Assets.xcassets */,
				C7BB6D13232D609300C6328F /* LaunchScreen.storyboard */,
				C7FC22B0232DB976003B4D0B /* GoogleService-Info.plist */,
				C7BB6D16232D609300C6328F /* Info.plist */,
			);
			path = QuitIt;
			sourceTree = "<group>";
		};
		C7BB6D1E232D609300C6328F /* QuitItTests */ = {
			isa = PBXGroup;
			children = (
				C7BB6D1F232D609300C6328F /* QuitItTests.swift */,
				C7BB6D21232D609300C6328F /* Info.plist */,
			);
			path = QuitItTests;
			sourceTree = "<group>";
		};
		C7BB6D29232D609300C6328F /* QuitItUITests */ = {
			isa = PBXGroup;
			children = (
				C7BB6D2A232D609300C6328F /* QuitItUITests.swift */,
				C7BB6D2C232D609300C6328F /* Info.plist */,
			);
			path = QuitItUITests;
			sourceTree = "<group>";
		};
		C7FC2223232DB524003B4D0B /* Frameworks */ = {
			isa = PBXGroup;
			children = (
				762823BC93031B0B2612B1BC /* Pods_QuitIt.framework */,
				3D058AE68B635D4CCC13CC48 /* Pods_QuitItTests.framework */,
				3A0BAF9BD48F720420B84108 /* Pods_QuitItUITests.framework */,
			);
			name = Frameworks;
			sourceTree = "<group>";
		};
/* End PBXGroup section */

/* Begin PBXNativeTarget section */
		C7BB6D06232D608F00C6328F /* QuitIt */ = {
			isa = PBXNativeTarget;
			buildConfigurationList = C7BB6D2F232D609300C6328F /* Build configuration list for PBXNativeTarget "QuitIt" */;
			buildPhases = (
				E0CCF5EE53908A81451F96F7 /* [CP] Check Pods Manifest.lock */,
				C7BB6D03232D608F00C6328F /* Sources */,
				C7BB6D04232D608F00C6328F /* Frameworks */,
				C7BB6D05232D608F00C6328F /* Resources */,
				B5D1E6A0B930C7399D5778D6 /* [CP] Embed Pods Frameworks */,
			);
			buildRules = (
			);
			dependencies = (
			);
			name = QuitIt;
			productName = QuitIt;
			productReference = C7BB6D07232D608F00C6328F /* QuitIt.app */;
			productType = "com.apple.product-type.application";
		};
		C7BB6D1A232D609300C6328F /* QuitItTests */ = {
			isa = PBXNativeTarget;
			buildConfigurationList = C7BB6D32232D609300C6328F /* Build configuration list for PBXNativeTarget "QuitItTests" */;
			buildPhases = (
				45033228907FD977DEB1DE16 /* [CP] Check Pods Manifest.lock */,
				C7BB6D17232D609300C6328F /* Sources */,
				C7BB6D18232D609300C6328F /* Frameworks */,
				C7BB6D19232D609300C6328F /* Resources */,
			);
			buildRules = (
			);
			dependencies = (
				C7BB6D1D232D609300C6328F /* PBXTargetDependency */,
			);
			name = QuitItTests;
			productName = QuitItTests;
			productReference = C7BB6D1B232D609300C6328F /* QuitItTests.xctest */;
			productType = "com.apple.product-type.bundle.unit-test";
		};
		C7BB6D25232D609300C6328F /* QuitItUITests */ = {
			isa = PBXNativeTarget;
			buildConfigurationList = C7BB6D35232D609300C6328F /* Build configuration list for PBXNativeTarget "QuitItUITests" */;
			buildPhases = (
				F6781C1475A999B4515D2D6E /* [CP] Check Pods Manifest.lock */,
				C7BB6D22232D609300C6328F /* Sources */,
				C7BB6D23232D609300C6328F /* Frameworks */,
				C7BB6D24232D609300C6328F /* Resources */,
			);
			buildRules = (
			);
			dependencies = (
				C7BB6D28232D609300C6328F /* PBXTargetDependency */,
			);
			name = QuitItUITests;
			productName = QuitItUITests;
			productReference = C7BB6D26232D609300C6328F /* QuitItUITests.xctest */;
			productType = "com.apple.product-type.bundle.ui-testing";
		};
/* End PBXNativeTarget section */

/* Begin PBXProject section */
		C7BB6CFF232D608F00C6328F /* Project object */ = {
			isa = PBXProject;
			attributes = {
				LastSwiftUpdateCheck = 1030;
				LastUpgradeCheck = 1030;
				ORGANIZATIONNAME = "Brian Li";
				TargetAttributes = {
					C7BB6D06232D608F00C6328F = {
						CreatedOnToolsVersion = 10.3;
					};
					C7BB6D1A232D609300C6328F = {
						CreatedOnToolsVersion = 10.3;
						TestTargetID = C7BB6D06232D608F00C6328F;
					};
					C7BB6D25232D609300C6328F = {
						CreatedOnToolsVersion = 10.3;
						TestTargetID = C7BB6D06232D608F00C6328F;
					};
				};
			};
			buildConfigurationList = C7BB6D02232D608F00C6328F /* Build configuration list for PBXProject "QuitIt" */;
			compatibilityVersion = "Xcode 9.3";
			developmentRegion = en;
			hasScannedForEncodings = 0;
			knownRegions = (
				en,
				Base,
			);
			mainGroup = C7BB6CFE232D608F00C6328F;
			productRefGroup = C7BB6D08232D608F00C6328F /* Products */;
			projectDirPath = "";
			projectRoot = "";
			targets = (
				C7BB6D06232D608F00C6328F /* QuitIt */,
				C7BB6D1A232D609300C6328F /* QuitItTests */,
				C7BB6D25232D609300C6328F /* QuitItUITests */,
			);
		};
/* End PBXProject section */

/* Begin PBXResourcesBuildPhase section */
		C7BB6D05232D608F00C6328F /* Resources */ = {
			isa = PBXResourcesBuildPhase;
			buildActionMask = 2147483647;
			files = (
				C7BB6D15232D609300C6328F /* LaunchScreen.storyboard in Resources */,
				C7FC22B3232DB976003B4D0B /* GoogleService-Info.plist in Resources */,
				C7BB6D12232D609300C6328F /* Assets.xcassets in Resources */,
				C7BB6D10232D608F00C6328F /* Main.storyboard in Resources */,
			);
			runOnlyForDeploymentPostprocessing = 0;
		};
		C7BB6D19232D609300C6328F /* Resources */ = {
			isa = PBXResourcesBuildPhase;
			buildActionMask = 2147483647;
			files = (
			);
			runOnlyForDeploymentPostprocessing = 0;
		};
		C7BB6D24232D609300C6328F /* Resources */ = {
			isa = PBXResourcesBuildPhase;
			buildActionMask = 2147483647;
			files = (
			);
			runOnlyForDeploymentPostprocessing = 0;
		};
/* End PBXResourcesBuildPhase section */

/* Begin PBXShellScriptBuildPhase section */
		45033228907FD977DEB1DE16 /* [CP] Check Pods Manifest.lock */ = {
			isa = PBXShellScriptBuildPhase;
			buildActionMask = 2147483647;
			files = (
			);
			inputFileListPaths = (
			);
			inputPaths = (
				"${PODS_PODFILE_DIR_PATH}/Podfile.lock",
				"${PODS_ROOT}/Manifest.lock",
			);
			name = "[CP] Check Pods Manifest.lock";
			outputFileListPaths = (
			);
			outputPaths = (
				"$(DERIVED_FILE_DIR)/Pods-QuitItTests-checkManifestLockResult.txt",
			);
			runOnlyForDeploymentPostprocessing = 0;
			shellPath = /bin/sh;
			shellScript = "diff \"${PODS_PODFILE_DIR_PATH}/Podfile.lock\" \"${PODS_ROOT}/Manifest.lock\" > /dev/null\nif [ $? != 0 ] ; then\n    # print error to STDERR\n    echo \"error: The sandbox is not in sync with the Podfile.lock. Run 'pod install' or update your CocoaPods installation.\" >&2\n    exit 1\nfi\n# This output is used by Xcode 'outputs' to avoid re-running this script phase.\necho \"SUCCESS\" > \"${SCRIPT_OUTPUT_FILE_0}\"\n";
			showEnvVarsInLog = 0;
		};
		B5D1E6A0B930C7399D5778D6 /* [CP] Embed Pods Frameworks */ = {
			isa = PBXShellScriptBuildPhase;
			buildActionMask = 2147483647;
			files = (
			);
			inputFileListPaths = (
				"${PODS_ROOT}/Target Support Files/Pods-QuitIt/Pods-QuitIt-frameworks-${CONFIGURATION}-input-files.xcfilelist",
			);
			name = "[CP] Embed Pods Frameworks";
			outputFileListPaths = (
				"${PODS_ROOT}/Target Support Files/Pods-QuitIt/Pods-QuitIt-frameworks-${CONFIGURATION}-output-files.xcfilelist",
			);
			runOnlyForDeploymentPostprocessing = 0;
			shellPath = /bin/sh;
			shellScript = "\"${PODS_ROOT}/Target Support Files/Pods-QuitIt/Pods-QuitIt-frameworks.sh\"\n";
			showEnvVarsInLog = 0;
		};
		E0CCF5EE53908A81451F96F7 /* [CP] Check Pods Manifest.lock */ = {
			isa = PBXShellScriptBuildPhase;
			buildActionMask = 2147483647;
			files = (
			);
			inputFileListPaths = (
			);
			inputPaths = (
				"${PODS_PODFILE_DIR_PATH}/Podfile.lock",
				"${PODS_ROOT}/Manifest.lock",
			);
			name = "[CP] Check Pods Manifest.lock";
			outputFileListPaths = (
			);
			outputPaths = (
				"$(DERIVED_FILE_DIR)/Pods-QuitIt-checkManifestLockResult.txt",
			);
			runOnlyForDeploymentPostprocessing = 0;
			shellPath = /bin/sh;
			shellScript = "diff \"${PODS_PODFILE_DIR_PATH}/Podfile.lock\" \"${PODS_ROOT}/Manifest.lock\" > /dev/null\nif [ $? != 0 ] ; then\n    # print error to STDERR\n    echo \"error: The sandbox is not in sync with the Podfile.lock. Run 'pod install' or update your CocoaPods installation.\" >&2\n    exit 1\nfi\n# This output is used by Xcode 'outputs' to avoid re-running this script phase.\necho \"SUCCESS\" > \"${SCRIPT_OUTPUT_FILE_0}\"\n";
			showEnvVarsInLog = 0;
		};
		F6781C1475A999B4515D2D6E /* [CP] Check Pods Manifest.lock */ = {
			isa = PBXShellScriptBuildPhase;
			buildActionMask = 2147483647;
			files = (
			);
			inputFileListPaths = (
			);
			inputPaths = (
				"${PODS_PODFILE_DIR_PATH}/Podfile.lock",
				"${PODS_ROOT}/Manifest.lock",
			);
			name = "[CP] Check Pods Manifest.lock";
			outputFileListPaths = (
			);
			outputPaths = (
				"$(DERIVED_FILE_DIR)/Pods-QuitItUITests-checkManifestLockResult.txt",
			);
			runOnlyForDeploymentPostprocessing = 0;
			shellPath = /bin/sh;
			shellScript = "diff \"${PODS_PODFILE_DIR_PATH}/Podfile.lock\" \"${PODS_ROOT}/Manifest.lock\" > /dev/null\nif [ $? != 0 ] ; then\n    # print error to STDERR\n    echo \"error: The sandbox is not in sync with the Podfile.lock. Run 'pod install' or update your CocoaPods installation.\" >&2\n    exit 1\nfi\n# This output is used by Xcode 'outputs' to avoid re-running this script phase.\necho \"SUCCESS\" > \"${SCRIPT_OUTPUT_FILE_0}\"\n";
			showEnvVarsInLog = 0;
		};
/* End PBXShellScriptBuildPhase section */

/* Begin PBXSourcesBuildPhase section */
		C7BB6D03232D608F00C6328F /* Sources */ = {
			isa = PBXSourcesBuildPhase;
			buildActionMask = 2147483647;
			files = (
				C7BB6D0D232D608F00C6328F /* ViewController.swift in Sources */,
				C7BB6D39232D630500C6328F /* MapViewController.swift in Sources */,
				C7BB6D0B232D608F00C6328F /* AppDelegate.swift in Sources */,
			);
			runOnlyForDeploymentPostprocessing = 0;
		};
		C7BB6D17232D609300C6328F /* Sources */ = {
			isa = PBXSourcesBuildPhase;
			buildActionMask = 2147483647;
			files = (
				C7BB6D20232D609300C6328F /* QuitItTests.swift in Sources */,
			);
			runOnlyForDeploymentPostprocessing = 0;
		};
		C7BB6D22232D609300C6328F /* Sources */ = {
			isa = PBXSourcesBuildPhase;
			buildActionMask = 2147483647;
			files = (
				C7BB6D2B232D609300C6328F /* QuitItUITests.swift in Sources */,
			);
			runOnlyForDeploymentPostprocessing = 0;
		};
/* End PBXSourcesBuildPhase section */

/* Begin PBXTargetDependency section */
		C7BB6D1D232D609300C6328F /* PBXTargetDependency */ = {
			isa = PBXTargetDependency;
			target = C7BB6D06232D608F00C6328F /* QuitIt */;
			targetProxy = C7BB6D1C232D609300C6328F /* PBXContainerItemProxy */;
		};
		C7BB6D28232D609300C6328F /* PBXTargetDependency */ = {
			isa = PBXTargetDependency;
			target = C7BB6D06232D608F00C6328F /* QuitIt */;
			targetProxy = C7BB6D27232D609300C6328F /* PBXContainerItemProxy */;
		};
/* End PBXTargetDependency section */

/* Begin PBXVariantGroup section */
		C7BB6D0E232D608F00C6328F /* Main.storyboard */ = {
			isa = PBXVariantGroup;
			children = (
				C7BB6D0F232D608F00C6328F /* Base */,
			);
			name = Main.storyboard;
			sourceTree = "<group>";
		};
		C7BB6D13232D609300C6328F /* LaunchScreen.storyboard */ = {
			isa = PBXVariantGroup;
			children = (
				C7BB6D14232D609300C6328F /* Base */,
			);
			name = LaunchScreen.storyboard;
			sourceTree = "<group>";
		};
/* End PBXVariantGroup section */

/* Begin XCBuildConfiguration section */
		C7BB6D2D232D609300C6328F /* Debug */ = {
			isa = XCBuildConfiguration;
			buildSettings = {
				ALWAYS_SEARCH_USER_PATHS = NO;
				CLANG_ANALYZER_NONNULL = YES;
				CLANG_ANALYZER_NUMBER_OBJECT_CONVERSION = YES_AGGRESSIVE;
				CLANG_CXX_LANGUAGE_STANDARD = "gnu++14";
				CLANG_CXX_LIBRARY = "libc++";
				CLANG_ENABLE_MODULES = YES;
				CLANG_ENABLE_OBJC_ARC = YES;
				CLANG_ENABLE_OBJC_WEAK = YES;
				CLANG_WARN_BLOCK_CAPTURE_AUTORELEASING = YES;
				CLANG_WARN_BOOL_CONVERSION = YES;
				CLANG_WARN_COMMA = YES;
				CLANG_WARN_CONSTANT_CONVERSION = YES;
				CLANG_WARN_DEPRECATED_OBJC_IMPLEMENTATIONS = YES;
				CLANG_WARN_DIRECT_OBJC_ISA_USAGE = YES_ERROR;
				CLANG_WARN_DOCUMENTATION_COMMENTS = YES;
				CLANG_WARN_EMPTY_BODY = YES;
				CLANG_WARN_ENUM_CONVERSION = YES;
				CLANG_WARN_INFINITE_RECURSION = YES;
				CLANG_WARN_INT_CONVERSION = YES;
				CLANG_WARN_NON_LITERAL_NULL_CONVERSION = YES;
				CLANG_WARN_OBJC_IMPLICIT_RETAIN_SELF = YES;
				CLANG_WARN_OBJC_LITERAL_CONVERSION = YES;
				CLANG_WARN_OBJC_ROOT_CLASS = YES_ERROR;
				CLANG_WARN_RANGE_LOOP_ANALYSIS = YES;
				CLANG_WARN_STRICT_PROTOTYPES = YES;
				CLANG_WARN_SUSPICIOUS_MOVE = YES;
				CLANG_WARN_UNGUARDED_AVAILABILITY = YES_AGGRESSIVE;
				CLANG_WARN_UNREACHABLE_CODE = YES;
				CLANG_WARN__DUPLICATE_METHOD_MATCH = YES;
				CODE_SIGN_IDENTITY = "iPhone Developer";
				COPY_PHASE_STRIP = NO;
				DEBUG_INFORMATION_FORMAT = dwarf;
				ENABLE_STRICT_OBJC_MSGSEND = YES;
				ENABLE_TESTABILITY = YES;
				GCC_C_LANGUAGE_STANDARD = gnu11;
				GCC_DYNAMIC_NO_PIC = NO;
				GCC_NO_COMMON_BLOCKS = YES;
				GCC_OPTIMIZATION_LEVEL = 0;
				GCC_PREPROCESSOR_DEFINITIONS = (
					"DEBUG=1",
					"$(inherited)",
				);
				GCC_WARN_64_TO_32_BIT_CONVERSION = YES;
				GCC_WARN_ABOUT_RETURN_TYPE = YES_ERROR;
				GCC_WARN_UNDECLARED_SELECTOR = YES;
				GCC_WARN_UNINITIALIZED_AUTOS = YES_AGGRESSIVE;
				GCC_WARN_UNUSED_FUNCTION = YES;
				GCC_WARN_UNUSED_VARIABLE = YES;
				IPHONEOS_DEPLOYMENT_TARGET = 12.4;
				MTL_ENABLE_DEBUG_INFO = INCLUDE_SOURCE;
				MTL_FAST_MATH = YES;
				ONLY_ACTIVE_ARCH = YES;
				SDKROOT = iphoneos;
				SWIFT_ACTIVE_COMPILATION_CONDITIONS = DEBUG;
				SWIFT_OPTIMIZATION_LEVEL = "-Onone";
			};
			name = Debug;
		};
		C7BB6D2E232D609300C6328F /* Release */ = {
			isa = XCBuildConfiguration;
			buildSettings = {
				ALWAYS_SEARCH_USER_PATHS = NO;
				CLANG_ANALYZER_NONNULL = YES;
				CLANG_ANALYZER_NUMBER_OBJECT_CONVERSION = YES_AGGRESSIVE;
				CLANG_CXX_LANGUAGE_STANDARD = "gnu++14";
				CLANG_CXX_LIBRARY = "libc++";
				CLANG_ENABLE_MODULES = YES;
				CLANG_ENABLE_OBJC_ARC = YES;
				CLANG_ENABLE_OBJC_WEAK = YES;
				CLANG_WARN_BLOCK_CAPTURE_AUTORELEASING = YES;
				CLANG_WARN_BOOL_CONVERSION = YES;
				CLANG_WARN_COMMA = YES;
				CLANG_WARN_CONSTANT_CONVERSION = YES;
				CLANG_WARN_DEPRECATED_OBJC_IMPLEMENTATIONS = YES;
				CLANG_WARN_DIRECT_OBJC_ISA_USAGE = YES_ERROR;
				CLANG_WARN_DOCUMENTATION_COMMENTS = YES;
				CLANG_WARN_EMPTY_BODY = YES;
				CLANG_WARN_ENUM_CONVERSION = YES;
				CLANG_WARN_INFINITE_RECURSION = YES;
				CLANG_WARN_INT_CONVERSION = YES;
				CLANG_WARN_NON_LITERAL_NULL_CONVERSION = YES;
				CLANG_WARN_OBJC_IMPLICIT_RETAIN_SELF = YES;
				CLANG_WARN_OBJC_LITERAL_CONVERSION = YES;
				CLANG_WARN_OBJC_ROOT_CLASS = YES_ERROR;
				CLANG_WARN_RANGE_LOOP_ANALYSIS = YES;
				CLANG_WARN_STRICT_PROTOTYPES = YES;
				CLANG_WARN_SUSPICIOUS_MOVE = YES;
				CLANG_WARN_UNGUARDED_AVAILABILITY = YES_AGGRESSIVE;
				CLANG_WARN_UNREACHABLE_CODE = YES;
				CLANG_WARN__DUPLICATE_METHOD_MATCH = YES;
				CODE_SIGN_IDENTITY = "iPhone Developer";
				COPY_PHASE_STRIP = NO;
				DEBUG_INFORMATION_FORMAT = "dwarf-with-dsym";
				ENABLE_NS_ASSERTIONS = NO;
				ENABLE_STRICT_OBJC_MSGSEND = YES;
				GCC_C_LANGUAGE_STANDARD = gnu11;
				GCC_NO_COMMON_BLOCKS = YES;
				GCC_WARN_64_TO_32_BIT_CONVERSION = YES;
				GCC_WARN_ABOUT_RETURN_TYPE = YES_ERROR;
				GCC_WARN_UNDECLARED_SELECTOR = YES;
				GCC_WARN_UNINITIALIZED_AUTOS = YES_AGGRESSIVE;
				GCC_WARN_UNUSED_FUNCTION = YES;
				GCC_WARN_UNUSED_VARIABLE = YES;
				IPHONEOS_DEPLOYMENT_TARGET = 12.4;
				MTL_ENABLE_DEBUG_INFO = NO;
				MTL_FAST_MATH = YES;
				SDKROOT = iphoneos;
				SWIFT_COMPILATION_MODE = wholemodule;
				SWIFT_OPTIMIZATION_LEVEL = "-O";
				VALIDATE_PRODUCT = YES;
			};
			name = Release;
		};
		C7BB6D30232D609300C6328F /* Debug */ = {
			isa = XCBuildConfiguration;
			baseConfigurationReference = 52958147A2999F4E26AAD88F /* Pods-QuitIt.debug.xcconfig */;
			buildSettings = {
				ASSETCATALOG_COMPILER_APPICON_NAME = AppIcon;
				CODE_SIGN_STYLE = Automatic;
				DEVELOPMENT_TEAM = DG5G3Q88RG;
				INFOPLIST_FILE = QuitIt/Info.plist;
				LD_RUNPATH_SEARCH_PATHS = (
					"$(inherited)",
					"@executable_path/Frameworks",
				);
				PRODUCT_BUNDLE_IDENTIFIER = HackDuke.QuitIt;
				PRODUCT_NAME = "$(TARGET_NAME)";
				SWIFT_VERSION = 5.0;
				TARGETED_DEVICE_FAMILY = "1,2";
			};
			name = Debug;
		};
		C7BB6D31232D609300C6328F /* Release */ = {
			isa = XCBuildConfiguration;
			baseConfigurationReference = AF83D793A79EBD02AFA017AA /* Pods-QuitIt.release.xcconfig */;
			buildSettings = {
				ASSETCATALOG_COMPILER_APPICON_NAME = AppIcon;
				CODE_SIGN_STYLE = Automatic;
				DEVELOPMENT_TEAM = DG5G3Q88RG;
				INFOPLIST_FILE = QuitIt/Info.plist;
				LD_RUNPATH_SEARCH_PATHS = (
					"$(inherited)",
					"@executable_path/Frameworks",
				);
				PRODUCT_BUNDLE_IDENTIFIER = HackDuke.QuitIt;
				PRODUCT_NAME = "$(TARGET_NAME)";
				SWIFT_VERSION = 5.0;
				TARGETED_DEVICE_FAMILY = "1,2";
			};
			name = Release;
		};
		C7BB6D33232D609300C6328F /* Debug */ = {
			isa = XCBuildConfiguration;
			baseConfigurationReference = E4F11CBA2AE872D627C9F941 /* Pods-QuitItTests.debug.xcconfig */;
			buildSettings = {
				ALWAYS_EMBED_SWIFT_STANDARD_LIBRARIES = YES;
				BUNDLE_LOADER = "$(TEST_HOST)";
				CODE_SIGN_STYLE = Automatic;
				INFOPLIST_FILE = QuitItTests/Info.plist;
				LD_RUNPATH_SEARCH_PATHS = (
					"$(inherited)",
					"@executable_path/Frameworks",
					"@loader_path/Frameworks",
				);
				PRODUCT_BUNDLE_IDENTIFIER = HackDuke.QuitItTests;
				PRODUCT_NAME = "$(TARGET_NAME)";
				SWIFT_VERSION = 5.0;
				TARGETED_DEVICE_FAMILY = "1,2";
				TEST_HOST = "$(BUILT_PRODUCTS_DIR)/QuitIt.app/QuitIt";
			};
			name = Debug;
		};
		C7BB6D34232D609300C6328F /* Release */ = {
			isa = XCBuildConfiguration;
			baseConfigurationReference = E7D5FC3D09CEFEDD1353F5D3 /* Pods-QuitItTests.release.xcconfig */;
			buildSettings = {
				ALWAYS_EMBED_SWIFT_STANDARD_LIBRARIES = YES;
				BUNDLE_LOADER = "$(TEST_HOST)";
				CODE_SIGN_STYLE = Automatic;
				INFOPLIST_FILE = QuitItTests/Info.plist;
				LD_RUNPATH_SEARCH_PATHS = (
					"$(inherited)",
					"@executable_path/Frameworks",
					"@loader_path/Frameworks",
				);
				PRODUCT_BUNDLE_IDENTIFIER = HackDuke.QuitItTests;
				PRODUCT_NAME = "$(TARGET_NAME)";
				SWIFT_VERSION = 5.0;
				TARGETED_DEVICE_FAMILY = "1,2";
				TEST_HOST = "$(BUILT_PRODUCTS_DIR)/QuitIt.app/QuitIt";
			};
			name = Release;
		};
		C7BB6D36232D609300C6328F /* Debug */ = {
			isa = XCBuildConfiguration;
			baseConfigurationReference = EFE8F44593AC6F7A7945C2FE /* Pods-QuitItUITests.debug.xcconfig */;
			buildSettings = {
				ALWAYS_EMBED_SWIFT_STANDARD_LIBRARIES = YES;
				CODE_SIGN_STYLE = Automatic;
				INFOPLIST_FILE = QuitItUITests/Info.plist;
				LD_RUNPATH_SEARCH_PATHS = (
					"$(inherited)",
					"@executable_path/Frameworks",
					"@loader_path/Frameworks",
				);
				PRODUCT_BUNDLE_IDENTIFIER = HackDuke.QuitItUITests;
				PRODUCT_NAME = "$(TARGET_NAME)";
				SWIFT_VERSION = 5.0;
				TARGETED_DEVICE_FAMILY = "1,2";
				TEST_TARGET_NAME = QuitIt;
			};
			name = Debug;
		};
		C7BB6D37232D609300C6328F /* Release */ = {
			isa = XCBuildConfiguration;
			baseConfigurationReference = 9D04CC29041D0043B57A07AA /* Pods-QuitItUITests.release.xcconfig */;
			buildSettings = {
				ALWAYS_EMBED_SWIFT_STANDARD_LIBRARIES = YES;
				CODE_SIGN_STYLE = Automatic;
				INFOPLIST_FILE = QuitItUITests/Info.plist;
				LD_RUNPATH_SEARCH_PATHS = (
					"$(inherited)",
					"@executable_path/Frameworks",
					"@loader_path/Frameworks",
				);
				PRODUCT_BUNDLE_IDENTIFIER = HackDuke.QuitItUITests;
				PRODUCT_NAME = "$(TARGET_NAME)";
				SWIFT_VERSION = 5.0;
				TARGETED_DEVICE_FAMILY = "1,2";
				TEST_TARGET_NAME = QuitIt;
			};
			name = Release;
		};
/* End XCBuildConfiguration section */

/* Begin XCConfigurationList section */
		C7BB6D02232D608F00C6328F /* Build configuration list for PBXProject "QuitIt" */ = {
			isa = XCConfigurationList;
			buildConfigurations = (
				C7BB6D2D232D609300C6328F /* Debug */,
				C7BB6D2E232D609300C6328F /* Release */,
			);
			defaultConfigurationIsVisible = 0;
			defaultConfigurationName = Release;
		};
		C7BB6D2F232D609300C6328F /* Build configuration list for PBXNativeTarget "QuitIt" */ = {
			isa = XCConfigurationList;
			buildConfigurations = (
				C7BB6D30232D609300C6328F /* Debug */,
				C7BB6D31232D609300C6328F /* Release */,
			);
			defaultConfigurationIsVisible = 0;
			defaultConfigurationName = Release;
		};
		C7BB6D32232D609300C6328F /* Build configuration list for PBXNativeTarget "QuitItTests" */ = {
			isa = XCConfigurationList;
			buildConfigurations = (
				C7BB6D33232D609300C6328F /* Debug */,
				C7BB6D34232D609300C6328F /* Release */,
			);
			defaultConfigurationIsVisible = 0;
			defaultConfigurationName = Release;
		};
		C7BB6D35232D609300C6328F /* Build configuration list for PBXNativeTarget "QuitItUITests" */ = {
			isa = XCConfigurationList;
			buildConfigurations = (
				C7BB6D36232D609300C6328F /* Debug */,
				C7BB6D37232D609300C6328F /* Release */,
			);
			defaultConfigurationIsVisible = 0;
			defaultConfigurationName = Release;
		};
/* End XCConfigurationList section */
	};
	rootObject = C7BB6CFF232D608F00C6328F /* Project object */;
}
